
Microsoft Visual Studio Solution File, Format Version 11.00
# Visual Studio 2010
Project("{FAE04EC0-301F-11D3-BF4B-00C04F79EFBC}") = "Assembly-CSharp", "Assembly-CSharp.csproj", "{40DBB4C7-5714-2264-1002-0D0E78E1C779}"
EndProject
Project("{FAE04EC0-301F-11D3-BF4B-00C04F79EFBC}") = "Assembly-CSharp-firstpass", "Assembly-CSharp-firstpass.csproj", "{F089112C-95F5-4FC0-EA82-21DA1551ED85}"
EndProject
Project("{FAE04EC0-301F-11D3-BF4B-00C04F79EFBC}") = "Assembly-CSharp-Editor-firstpass", "Assembly-CSharp-Editor-firstpass.csproj", "{9A1470E2-7870-3518-15EA-5A1697AA85B0}"
EndProject
Global
	GlobalSection(SolutionConfigurationPlatforms) = preSolution
		Debug|Any CPU = Debug|Any CPU
		Release|Any CPU = Release|Any CPU
	EndGlobalSection
	GlobalSection(ProjectConfigurationPlatforms) = postSolution
		{40DBB4C7-5714-2264-1002-0D0E78E1C779}.Debug|Any CPU.ActiveCfg = Debug|Any CPU
		{40DBB4C7-5714-2264-1002-0D0E78E1C779}.Debug|Any CPU.Build.0 = Debug|Any CPU
		{40DBB4C7-5714-2264-1002-0D0E78E1C779}.Release|Any CPU.ActiveCfg = Release|Any CPU
		{40DBB4C7-5714-2264-1002-0D0E78E1C779}.Release|Any CPU.Build.0 = Release|Any CPU
		{F089112C-95F5-4FC0-EA82-21DA1551ED85}.Debug|Any CPU.ActiveCfg = Debug|Any CPU
		{F089112C-95F5-4FC0-EA82-21DA1551ED85}.Debug|Any CPU.Build.0 = Debug|Any CPU
		{F089112C-95F5-4FC0-EA82-21DA1551ED85}.Release|Any CPU.ActiveCfg = Release|Any CPU
		{F089112C-95F5-4FC0-EA82-21DA1551ED85}.Release|Any CPU.Build.0 = Release|Any CPU
		{9A1470E2-7870-3518-15EA-5A1697AA85B0}.Debug|Any CPU.ActiveCfg = Debug|Any CPU
		{9A1470E2-7870-3518-15EA-5A1697AA85B0}.Debug|Any CPU.Build.0 = Debug|Any CPU
		{9A1470E2-7870-3518-15EA-5A1697AA85B0}.Release|Any CPU.ActiveCfg = Release|Any CPU
		{9A1470E2-7870-3518-15EA-5A1697AA85B0}.Release|Any CPU.Build.0 = Release|Any CPU
	EndGlobalSection
	GlobalSection(SolutionProperties) = preSolution
		HideSolutionNode = FALSE
	EndGlobalSection
	GlobalSection(MonoDevelopProperties) = preSolution
		StartupItem = Assembly-CSharp.csproj
	EndGlobalSection
EndGlobal
